
Microsoft Visual Studio Solution File, Format Version 12.00
# Visual Studio Version 17
VisualStudioVersion = 17.14.36301.6
MinimumVisualStudioVersion = 10.0.40219.1
Project("{00D1A9C2-B5F0-4AF3-8072-F6C62B433612}") = "NorthWindOLTP", "grupo4_m4_dmbi\NorthWindOLTP.sqlproj", "{93CDEE15-5454-44C0-A04C-2EFB7259942E}"
EndProject
Project("{00D1A9C2-B5F0-4AF3-8072-F6C62B433612}") = "NorthWindDW", "grupo4_m4_dmbi\NortwindDW\NorthWindDW.sqlproj", "{8010F6D0-D60A-4AD3-888D-72F916B7D58E}"
EndProject
Project("{C9674DCB-5085-4A16-B785-4C70DD1589BD}") = "NorthWindETL", "grupo4_m4_dmbi\NorthWindETL\NorthWindETL.dtproj", "{FE66952F-000F-CFED-65BD-7DE63F3606D6}"
EndProject
Project("{6870E480-7721-4708-BFB8-9AE898AA21B3}") = "NorthWindOLAP", "grupo4_m4_dmbi\NorthWindOLAP\NorthWindOLAP.smproj", "{8CE414BB-95B2-4C99-9E03-51BA72086E22}"
EndProject
Global
	GlobalSection(SolutionConfigurationPlatforms) = preSolution
		Debug|Any CPU = Debug|Any CPU
		Debug|x86 = Debug|x86
		Development|Any CPU = Development|Any CPU
		Development|x86 = Development|x86
		Release|Any CPU = Release|Any CPU
		Release|x86 = Release|x86
	EndGlobalSection
	GlobalSection(ProjectConfigurationPlatforms) = postSolution
		{93CDEE15-5454-44C0-A04C-2EFB7259942E}.Debug|Any CPU.ActiveCfg = Debug|Any CPU
		{93CDEE15-5454-44C0-A04C-2EFB7259942E}.Debug|Any CPU.Build.0 = Debug|Any CPU
		{93CDEE15-5454-44C0-A04C-2EFB7259942E}.Debug|Any CPU.Deploy.0 = Debug|Any CPU
		{93CDEE15-5454-44C0-A04C-2EFB7259942E}.Debug|x86.ActiveCfg = Debug|Any CPU
		{93CDEE15-5454-44C0-A04C-2EFB7259942E}.Debug|x86.Build.0 = Debug|Any CPU
		{93CDEE15-5454-44C0-A04C-2EFB7259942E}.Debug|x86.Deploy.0 = Debug|Any CPU
		{93CDEE15-5454-44C0-A04C-2EFB7259942E}.Development|Any CPU.ActiveCfg = Release|Any CPU
		{93CDEE15-5454-44C0-A04C-2EFB7259942E}.Development|Any CPU.Build.0 = Release|Any CPU
		{93CDEE15-5454-44C0-A04C-2EFB7259942E}.Development|Any CPU.Deploy.0 = Release|Any CPU
		{93CDEE15-5454-44C0-A04C-2EFB7259942E}.Development|x86.ActiveCfg = Release|Any CPU
		{93CDEE15-5454-44C0-A04C-2EFB7259942E}.Development|x86.Build.0 = Release|Any CPU
		{93CDEE15-5454-44C0-A04C-2EFB7259942E}.Development|x86.Deploy.0 = Release|Any CPU
		{93CDEE15-5454-44C0-A04C-2EFB7259942E}.Release|Any CPU.ActiveCfg = Release|Any CPU
		{93CDEE15-5454-44C0-A04C-2EFB7259942E}.Release|Any CPU.Build.0 = Release|Any CPU
		{93CDEE15-5454-44C0-A04C-2EFB7259942E}.Release|Any CPU.Deploy.0 = Release|Any CPU
		{93CDEE15-5454-44C0-A04C-2EFB7259942E}.Release|x86.ActiveCfg = Release|Any CPU
		{93CDEE15-5454-44C0-A04C-2EFB7259942E}.Release|x86.Build.0 = Release|Any CPU
		{93CDEE15-5454-44C0-A04C-2EFB7259942E}.Release|x86.Deploy.0 = Release|Any CPU
		{8010F6D0-D60A-4AD3-888D-72F916B7D58E}.Debug|Any CPU.ActiveCfg = Debug|Any CPU
		{8010F6D0-D60A-4AD3-888D-72F916B7D58E}.Debug|Any CPU.Build.0 = Debug|Any CPU
		{8010F6D0-D60A-4AD3-888D-72F916B7D58E}.Debug|Any CPU.Deploy.0 = Debug|Any CPU
		{8010F6D0-D60A-4AD3-888D-72F916B7D58E}.Debug|x86.ActiveCfg = Debug|Any CPU
		{8010F6D0-D60A-4AD3-888D-72F916B7D58E}.Debug|x86.Build.0 = Debug|Any CPU
		{8010F6D0-D60A-4AD3-888D-72F916B7D58E}.Debug|x86.Deploy.0 = Debug|Any CPU
		{8010F6D0-D60A-4AD3-888D-72F916B7D58E}.Development|Any CPU.ActiveCfg = Release|Any CPU
		{8010F6D0-D60A-4AD3-888D-72F916B7D58E}.Development|Any CPU.Build.0 = Release|Any CPU
		{8010F6D0-D60A-4AD3-888D-72F916B7D58E}.Development|Any CPU.Deploy.0 = Release|Any CPU
		{8010F6D0-D60A-4AD3-888D-72F916B7D58E}.Development|x86.ActiveCfg = Release|Any CPU
		{8010F6D0-D60A-4AD3-888D-72F916B7D58E}.Development|x86.Build.0 = Release|Any CPU
		{8010F6D0-D60A-4AD3-888D-72F916B7D58E}.Development|x86.Deploy.0 = Release|Any CPU
		{8010F6D0-D60A-4AD3-888D-72F916B7D58E}.Release|Any CPU.ActiveCfg = Release|Any CPU
		{8010F6D0-D60A-4AD3-888D-72F916B7D58E}.Release|Any CPU.Build.0 = Release|Any CPU
		{8010F6D0-D60A-4AD3-888D-72F916B7D58E}.Release|Any CPU.Deploy.0 = Release|Any CPU
		{8010F6D0-D60A-4AD3-888D-72F916B7D58E}.Release|x86.ActiveCfg = Release|Any CPU
		{8010F6D0-D60A-4AD3-888D-72F916B7D58E}.Release|x86.Build.0 = Release|Any CPU
		{8010F6D0-D60A-4AD3-888D-72F916B7D58E}.Release|x86.Deploy.0 = Release|Any CPU
		{FE66952F-000F-CFED-65BD-7DE63F3606D6}.Debug|Any CPU.ActiveCfg = Development
		{FE66952F-000F-CFED-65BD-7DE63F3606D6}.Debug|Any CPU.Build.0 = Development
		{FE66952F-000F-CFED-65BD-7DE63F3606D6}.Debug|x86.ActiveCfg = Development
		{FE66952F-000F-CFED-65BD-7DE63F3606D6}.Debug|x86.Build.0 = Development
		{FE66952F-000F-CFED-65BD-7DE63F3606D6}.Development|Any CPU.ActiveCfg = Development
		{FE66952F-000F-CFED-65BD-7DE63F3606D6}.Development|Any CPU.Build.0 = Development
		{FE66952F-000F-CFED-65BD-7DE63F3606D6}.Development|x86.ActiveCfg = Development
		{FE66952F-000F-CFED-65BD-7DE63F3606D6}.Development|x86.Build.0 = Development
		{FE66952F-000F-CFED-65BD-7DE63F3606D6}.Release|Any CPU.ActiveCfg = Development
		{FE66952F-000F-CFED-65BD-7DE63F3606D6}.Release|Any CPU.Build.0 = Development
		{FE66952F-000F-CFED-65BD-7DE63F3606D6}.Release|x86.ActiveCfg = Development
		{FE66952F-000F-CFED-65BD-7DE63F3606D6}.Release|x86.Build.0 = Development
		{8CE414BB-95B2-4C99-9E03-51BA72086E22}.Debug|Any CPU.ActiveCfg = Development|x86
		{8CE414BB-95B2-4C99-9E03-51BA72086E22}.Debug|Any CPU.Build.0 = Development|x86
		{8CE414BB-95B2-4C99-9E03-51BA72086E22}.Debug|Any CPU.Deploy.0 = Development|x86
		{8CE414BB-95B2-4C99-9E03-51BA72086E22}.Debug|x86.ActiveCfg = Development|x86
		{8CE414BB-95B2-4C99-9E03-51BA72086E22}.Debug|x86.Build.0 = Development|x86
		{8CE414BB-95B2-4C99-9E03-51BA72086E22}.Debug|x86.Deploy.0 = Development|x86
		{8CE414BB-95B2-4C99-9E03-51BA72086E22}.Development|Any CPU.ActiveCfg = Development|x86
		{8CE414BB-95B2-4C99-9E03-51BA72086E22}.Development|Any CPU.Build.0 = Development|x86
		{8CE414BB-95B2-4C99-9E03-51BA72086E22}.Development|Any CPU.Deploy.0 = Development|x86
		{8CE414BB-95B2-4C99-9E03-51BA72086E22}.Development|x86.ActiveCfg = Development|x86
		{8CE414BB-95B2-4C99-9E03-51BA72086E22}.Development|x86.Build.0 = Development|x86
		{8CE414BB-95B2-4C99-9E03-51BA72086E22}.Development|x86.Deploy.0 = Development|x86
		{8CE414BB-95B2-4C99-9E03-51BA72086E22}.Release|Any CPU.ActiveCfg = Development|x86
		{8CE414BB-95B2-4C99-9E03-51BA72086E22}.Release|Any CPU.Build.0 = Development|x86
		{8CE414BB-95B2-4C99-9E03-51BA72086E22}.Release|Any CPU.Deploy.0 = Development|x86
		{8CE414BB-95B2-4C99-9E03-51BA72086E22}.Release|x86.ActiveCfg = Development|x86
		{8CE414BB-95B2-4C99-9E03-51BA72086E22}.Release|x86.Build.0 = Development|x86
		{8CE414BB-95B2-4C99-9E03-51BA72086E22}.Release|x86.Deploy.0 = Development|x86
	EndGlobalSection
	GlobalSection(SolutionProperties) = preSolution
		HideSolutionNode = FALSE
	EndGlobalSection
	GlobalSection(ExtensibilityGlobals) = postSolution
		SolutionGuid = {22642EE9-54A8-49B9-B28C-774D39935CB0}
	EndGlobalSection
EndGlobal
